// !$*UTF8*$!
{
	archiveVersion = 1;
	classes = {
	};
	objectVersion = 50;
	objects = {

/* Begin PBXBuildFile section */
		E65E18CB2188C70F001075CB /* Pulse in Resources */ = {isa = PBXBuildFile; fileRef = E65E18CA2188C70F001075CB /* Pulse */; };
		E6BDC30B217E7779004A4193 /* AppDelegate.swift in Sources */ = {isa = PBXBuildFile; fileRef = E6BDC30A217E7779004A4193 /* AppDelegate.swift */; };
		E6BDC30D217E7779004A4193 /* Board.swift in Sources */ = {isa = PBXBuildFile; fileRef = E6BDC30C217E7779004A4193 /* Board.swift */; };
		E6BDC310217E7779004A4193 /* Main.storyboard in Resources */ = {isa = PBXBuildFile; fileRef = E6BDC30E217E7779004A4193 /* Main.storyboard */; };
		E6BDC313217E7779004A4193 /* AUXboard.xcdatamodeld in Sources */ = {isa = PBXBuildFile; fileRef = E6BDC311217E7779004A4193 /* AUXboard.xcdatamodeld */; };
		E6BDC315217E777A004A4193 /* Assets.xcassets in Resources */ = {isa = PBXBuildFile; fileRef = E6BDC314217E777A004A4193 /* Assets.xcassets */; };
		E6BDC318217E777A004A4193 /* LaunchScreen.storyboard in Resources */ = {isa = PBXBuildFile; fileRef = E6BDC316217E777A004A4193 /* LaunchScreen.storyboard */; };
		E6BDC323217E777A004A4193 /* AUXboardTests.swift in Sources */ = {isa = PBXBuildFile; fileRef = E6BDC322217E777A004A4193 /* AUXboardTests.swift */; };
		E6BDC32E217E777A004A4193 /* AUXboardUITests.swift in Sources */ = {isa = PBXBuildFile; fileRef = E6BDC32D217E777A004A4193 /* AUXboardUITests.swift */; };
/* End PBXBuildFile section */

/* Begin PBXContainerItemProxy section */
		E6BDC31F217E777A004A4193 /* PBXContainerItemProxy */ = {
			isa = PBXContainerItemProxy;
			containerPortal = E6BDC2FF217E7779004A4193 /* Project object */;
			proxyType = 1;
			remoteGlobalIDString = E6BDC306217E7779004A4193;
			remoteInfo = AUXboard;
		};
		E6BDC32A217E777A004A4193 /* PBXContainerItemProxy */ = {
			isa = PBXContainerItemProxy;
			containerPortal = E6BDC2FF217E7779004A4193 /* Project object */;
			proxyType = 1;
			remoteGlobalIDString = E6BDC306217E7779004A4193;
			remoteInfo = AUXboard;
		};
/* End PBXContainerItemProxy section */

/* Begin PBXFileReference section */
		E65E18CA2188C70F001075CB /* Pulse */ = {isa = PBXFileReference; lastKnownFileType = folder; name = Pulse; path = "/Users/quinnbooth/Desktop/Programming/Xcode/AUXboard/../../../Music/Loop Tracks/Pulse"; sourceTree = "<absolute>"; };
		E6BDC307217E7779004A4193 /* AUXboard.app */ = {isa = PBXFileReference; explicitFileType = wrapper.application; includeInIndex = 0; path = AUXboard.app; sourceTree = BUILT_PRODUCTS_DIR; };
		E6BDC30A217E7779004A4193 /* AppDelegate.swift */ = {isa = PBXFileReference; lastKnownFileType = sourcecode.swift; path = AppDelegate.swift; sourceTree = "<group>"; };
		E6BDC30C217E7779004A4193 /* Board.swift */ = {isa = PBXFileReference; lastKnownFileType = sourcecode.swift; path = Board.swift; sourceTree = "<group>"; };
		E6BDC30F217E7779004A4193 /* Base */ = {isa = PBXFileReference; lastKnownFileType = file.storyboard; name = Base; path = Base.lproj/Main.storyboard; sourceTree = "<group>"; };
		E6BDC312217E7779004A4193 /* AUXboard.xcdatamodel */ = {isa = PBXFileReference; lastKnownFileType = wrapper.xcdatamodel; path = AUXboard.xcdatamodel; sourceTree = "<group>"; };
		E6BDC314217E777A004A4193 /* Assets.xcassets */ = {isa = PBXFileReference; lastKnownFileType = folder.assetcatalog; path = Assets.xcassets; sourceTree = "<group>"; };
		E6BDC317217E777A004A4193 /* Base */ = {isa = PBXFileReference; lastKnownFileType = file.storyboard; name = Base; path = Base.lproj/LaunchScreen.storyboard; sourceTree = "<group>"; };
		E6BDC319217E777A004A4193 /* Info.plist */ = {isa = PBXFileReference; lastKnownFileType = text.plist.xml; path = Info.plist; sourceTree = "<group>"; };
		E6BDC31E217E777A004A4193 /* AUXboardTests.xctest */ = {isa = PBXFileReference; explicitFileType = wrapper.cfbundle; includeInIndex = 0; path = AUXboardTests.xctest; sourceTree = BUILT_PRODUCTS_DIR; };
		E6BDC322217E777A004A4193 /* AUXboardTests.swift */ = {isa = PBXFileReference; lastKnownFileType = sourcecode.swift; path = AUXboardTests.swift; sourceTree = "<group>"; };
		E6BDC324217E777A004A4193 /* Info.plist */ = {isa = PBXFileReference; lastKnownFileType = text.plist.xml; path = Info.plist; sourceTree = "<group>"; };
		E6BDC329217E777A004A4193 /* AUXboardUITests.xctest */ = {isa = PBXFileReference; explicitFileType = wrapper.cfbundle; includeInIndex = 0; path = AUXboardUITests.xctest; sourceTree = BUILT_PRODUCTS_DIR; };
		E6BDC32D217E777A004A4193 /* AUXboardUITests.swift */ = {isa = PBXFileReference; lastKnownFileType = sourcecode.swift; path = AUXboardUITests.swift; sourceTree = "<group>"; };
		E6BDC32F217E777B004A4193 /* Info.plist */ = {isa = PBXFileReference; lastKnownFileType = text.plist.xml; path = Info.plist; sourceTree = "<group>"; };
/* End PBXFileReference section */

/* Begin PBXFrameworksBuildPhase section */
		E6BDC304217E7779004A4193 /* Frameworks */ = {
			isa = PBXFrameworksBuildPhase;
			buildActionMask = 2147483647;
			files = (
			);
			runOnlyForDeploymentPostprocessing = 0;
		};
		E6BDC31B217E777A004A4193 /* Frameworks */ = {
			isa = PBXFrameworksBuildPhase;
			buildActionMask = 2147483647;
			files = (
			);
			runOnlyForDeploymentPostprocessing = 0;
		};
		E6BDC326217E777A004A4193 /* Frameworks */ = {
			isa = PBXFrameworksBuildPhase;
			buildActionMask = 2147483647;
			files = (
			);
			runOnlyForDeploymentPostprocessing = 0;
		};
/* End PBXFrameworksBuildPhase section */

/* Begin PBXGroup section */
		E6983AAE218176EC006E9701 /* ViewControllers */ = {
			isa = PBXGroup;
			children = (
				E6BDC30C217E7779004A4193 /* Board.swift */,
			);
			path = ViewControllers;
			sourceTree = "<group>";
		};
		E6983AB02181773A006E9701 /* StoryBoards */ = {
			isa = PBXGroup;
			children = (
				E6BDC30E217E7779004A4193 /* Main.storyboard */,
				E6BDC316217E777A004A4193 /* LaunchScreen.storyboard */,
			);
			path = StoryBoards;
			sourceTree = "<group>";
		};
		E6983AB121817757006E9701 /* Resources */ = {
			isa = PBXGroup;
			children = (
				E6BDC314217E777A004A4193 /* Assets.xcassets */,
				E65E18CA2188C70F001075CB /* Pulse */,
			);
			path = Resources;
			sourceTree = "<group>";
		};
		E6983AB22181776C006E9701 /* Info */ = {
			isa = PBXGroup;
			children = (
				E6BDC30A217E7779004A4193 /* AppDelegate.swift */,
				E6BDC311217E7779004A4193 /* AUXboard.xcdatamodeld */,
			);
			path = Info;
			sourceTree = "<group>";
		};
		E6BDC2FE217E7779004A4193 = {
			isa = PBXGroup;
			children = (
				E6BDC309217E7779004A4193 /* AUXboard */,
				E6BDC321217E777A004A4193 /* AUXboardTests */,
				E6BDC32C217E777A004A4193 /* AUXboardUITests */,
				E6BDC308217E7779004A4193 /* Products */,
			);
			sourceTree = "<group>";
		};
		E6BDC308217E7779004A4193 /* Products */ = {
			isa = PBXGroup;
			children = (
				E6BDC307217E7779004A4193 /* AUXboard.app */,
				E6BDC31E217E777A004A4193 /* AUXboardTests.xctest */,
				E6BDC329217E777A004A4193 /* AUXboardUITests.xctest */,
			);
			name = Products;
			sourceTree = "<group>";
		};
		E6BDC309217E7779004A4193 /* AUXboard */ = {
			isa = PBXGroup;
			children = (
				E6BDC319217E777A004A4193 /* Info.plist */,
				E6983AB22181776C006E9701 /* Info */,
				E6983AB121817757006E9701 /* Resources */,
				E6983AB02181773A006E9701 /* StoryBoards */,
				E6983AAE218176EC006E9701 /* ViewControllers */,
			);
			path = AUXboard;
			sourceTree = "<group>";
		};
		E6BDC321217E777A004A4193 /* AUXboardTests */ = {
			isa = PBXGroup;
			children = (
				E6BDC322217E777A004A4193 /* AUXboardTests.swift */,
				E6BDC324217E777A004A4193 /* Info.plist */,
			);
			path = AUXboardTests;
			sourceTree = "<group>";
		};
		E6BDC32C217E777A004A4193 /* AUXboardUITests */ = {
			isa = PBXGroup;
			children = (
				E6BDC32D217E777A004A4193 /* AUXboardUITests.swift */,
				E6BDC32F217E777B004A4193 /* Info.plist */,
			);
			path = AUXboardUITests;
			sourceTree = "<group>";
		};
/* End PBXGroup section */

/* Begin PBXNativeTarget section */
		E6BDC306217E7779004A4193 /* AUXboard */ = {
			isa = PBXNativeTarget;
			buildConfigurationList = E6BDC332217E777B004A4193 /* Build configuration list for PBXNativeTarget "AUXboard" */;
			buildPhases = (
				E6BDC303217E7779004A4193 /* Sources */,
				E6BDC304217E7779004A4193 /* Frameworks */,
				E6BDC305217E7779004A4193 /* Resources */,
			);
			buildRules = (
			);
			dependencies = (
			);
			name = AUXboard;
			productName = AUXboard;
			productReference = E6BDC307217E7779004A4193 /* AUXboard.app */;
			productType = "com.apple.product-type.application";
		};
		E6BDC31D217E777A004A4193 /* AUXboardTests */ = {
			isa = PBXNativeTarget;
			buildConfigurationList = E6BDC335217E777B004A4193 /* Build configuration list for PBXNativeTarget "AUXboardTests" */;
			buildPhases = (
				E6BDC31A217E777A004A4193 /* Sources */,
				E6BDC31B217E777A004A4193 /* Frameworks */,
				E6BDC31C217E777A004A4193 /* Resources */,
			);
			buildRules = (
			);
			dependencies = (
				E6BDC320217E777A004A4193 /* PBXTargetDependency */,
			);
			name = AUXboardTests;
			productName = AUXboardTests;
			productReference = E6BDC31E217E777A004A4193 /* AUXboardTests.xctest */;
			productType = "com.apple.product-type.bundle.unit-test";
		};
		E6BDC328217E777A004A4193 /* AUXboardUITests */ = {
			isa = PBXNativeTarget;
			buildConfigurationList = E6BDC338217E777B004A4193 /* Build configuration list for PBXNativeTarget "AUXboardUITests" */;
			buildPhases = (
				E6BDC325217E777A004A4193 /* Sources */,
				E6BDC326217E777A004A4193 /* Frameworks */,
				E6BDC327217E777A004A4193 /* Resources */,
			);
			buildRules = (
			);
			dependencies = (
				E6BDC32B217E777A004A4193 /* PBXTargetDependency */,
			);
			name = AUXboardUITests;
			productName = AUXboardUITests;
			productReference = E6BDC329217E777A004A4193 /* AUXboardUITests.xctest */;
			productType = "com.apple.product-type.bundle.ui-testing";
		};
/* End PBXNativeTarget section */

/* Begin PBXProject section */
		E6BDC2FF217E7779004A4193 /* Project object */ = {
			isa = PBXProject;
			attributes = {
				LastSwiftUpdateCheck = 0930;
				LastUpgradeCheck = 0930;
				ORGANIZATIONNAME = boothApplications;
				TargetAttributes = {
					E6BDC306217E7779004A4193 = {
						CreatedOnToolsVersion = 9.3;
					};
					E6BDC31D217E777A004A4193 = {
						CreatedOnToolsVersion = 9.3;
						TestTargetID = E6BDC306217E7779004A4193;
					};
					E6BDC328217E777A004A4193 = {
						CreatedOnToolsVersion = 9.3;
						TestTargetID = E6BDC306217E7779004A4193;
					};
				};
			};
			buildConfigurationList = E6BDC302217E7779004A4193 /* Build configuration list for PBXProject "AUXboard" */;
			compatibilityVersion = "Xcode 9.3";
			developmentRegion = en;
			hasScannedForEncodings = 0;
			knownRegions = (
				en,
				Base,
			);
			mainGroup = E6BDC2FE217E7779004A4193;
			productRefGroup = E6BDC308217E7779004A4193 /* Products */;
			projectDirPath = "";
			projectRoot = "";
			targets = (
				E6BDC306217E7779004A4193 /* AUXboard */,
				E6BDC31D217E777A004A4193 /* AUXboardTests */,
				E6BDC328217E777A004A4193 /* AUXboardUITests */,
			);
		};
/* End PBXProject section */

/* Begin PBXResourcesBuildPhase section */
		E6BDC305217E7779004A4193 /* Resources */ = {
			isa = PBXResourcesBuildPhase;
			buildActionMask = 2147483647;
			files = (
				E6BDC318217E777A004A4193 /* LaunchScreen.storyboard in Resources */,
				E6BDC315217E777A004A4193 /* Assets.xcassets in Resources */,
				E65E18CB2188C70F001075CB /* Pulse in Resources */,
				E6BDC310217E7779004A4193 /* Main.storyboard in Resources */,
			);
			runOnlyForDeploymentPostprocessing = 0;
		};
		E6BDC31C217E777A004A4193 /* Resources */ = {
			isa = PBXResourcesBuildPhase;
			buildActionMask = 2147483647;
			files = (
			);
			runOnlyForDeploymentPostprocessing = 0;
		};
		E6BDC327217E777A004A4193 /* Resources */ = {
			isa = PBXResourcesBuildPhase;
			buildActionMask = 2147483647;
			files = (
			);
			runOnlyForDeploymentPostprocessing = 0;
		};
/* End PBXResourcesBuildPhase section */

/* Begin PBXSourcesBuildPhase section */
		E6BDC303217E7779004A4193 /* Sources */ = {
			isa = PBXSourcesBuildPhase;
			buildActionMask = 2147483647;
			files = (
				E6BDC30D217E7779004A4193 /* Board.swift in Sources */,
				E6BDC313217E7779004A4193 /* AUXboard.xcdatamodeld in Sources */,
				E6BDC30B217E7779004A4193 /* AppDelegate.swift in Sources */,
			);
			runOnlyForDeploymentPostprocessing = 0;
		};
		E6BDC31A217E777A004A4193 /* Sources */ = {
			isa = PBXSourcesBuildPhase;
			buildActionMask = 2147483647;
			files = (
				E6BDC323217E777A004A4193 /* AUXboardTests.swift in Sources */,
			);
			runOnlyForDeploymentPostprocessing = 0;
		};
		E6BDC325217E777A004A4193 /* Sources */ = {
			isa = PBXSourcesBuildPhase;
			buildActionMask = 2147483647;
			files = (
				E6BDC32E217E777A004A4193 /* AUXboardUITests.swift in Sources */,
			);
			runOnlyForDeploymentPostprocessing = 0;
		};
/* End PBXSourcesBuildPhase section */

/* Begin PBXTargetDependency section */
		E6BDC320217E777A004A4193 /* PBXTargetDependency */ = {
			isa = PBXTargetDependency;
			target = E6BDC306217E7779004A4193 /* AUXboard */;
			targetProxy = E6BDC31F217E777A004A4193 /* PBXContainerItemProxy */;
		};
		E6BDC32B217E777A004A4193 /* PBXTargetDependency */ = {
			isa = PBXTargetDependency;
			target = E6BDC306217E7779004A4193 /* AUXboard */;
			targetProxy = E6BDC32A217E777A004A4193 /* PBXContainerItemProxy */;
		};
/* End PBXTargetDependency section */

/* Begin PBXVariantGroup section */
		E6BDC30E217E7779004A4193 /* Main.storyboard */ = {
			isa = PBXVariantGroup;
			children = (
				E6BDC30F217E7779004A4193 /* Base */,
			);
			name = Main.storyboard;
			sourceTree = "<group>";
		};
		E6BDC316217E777A004A4193 /* LaunchScreen.storyboard */ = {
			isa = PBXVariantGroup;
			children = (
				E6BDC317217E777A004A4193 /* Base */,
			);
			name = LaunchScreen.storyboard;
			sourceTree = "<group>";
		};
/* End PBXVariantGroup section */

/* Begin XCBuildConfiguration section */
		E6BDC330217E777B004A4193 /* Debug */ = {
			isa = XCBuildConfiguration;
			buildSettings = {
				ALWAYS_SEARCH_USER_PATHS = NO;
				CLANG_ANALYZER_NONNULL = YES;
				CLANG_ANALYZER_NUMBER_OBJECT_CONVERSION = YES_AGGRESSIVE;
				CLANG_CXX_LANGUAGE_STANDARD = "gnu++14";
				CLANG_CXX_LIBRARY = "libc++";
				CLANG_ENABLE_MODULES = YES;
				CLANG_ENABLE_OBJC_ARC = YES;
				CLANG_ENABLE_OBJC_WEAK = YES;
				CLANG_WARN_BLOCK_CAPTURE_AUTORELEASING = YES;
				CLANG_WARN_BOOL_CONVERSION = YES;
				CLANG_WARN_COMMA = YES;
				CLANG_WARN_CONSTANT_CONVERSION = YES;
				CLANG_WARN_DEPRECATED_OBJC_IMPLEMENTATIONS = YES;
				CLANG_WARN_DIRECT_OBJC_ISA_USAGE = YES_ERROR;
				CLANG_WARN_DOCUMENTATION_COMMENTS = YES;
				CLANG_WARN_EMPTY_BODY = YES;
				CLANG_WARN_ENUM_CONVERSION = YES;
				CLANG_WARN_INFINITE_RECURSION = YES;
				CLANG_WARN_INT_CONVERSION = YES;
				CLANG_WARN_NON_LITERAL_NULL_CONVERSION = YES;
				CLANG_WARN_OBJC_IMPLICIT_RETAIN_SELF = YES;
				CLANG_WARN_OBJC_LITERAL_CONVERSION = YES;
				CLANG_WARN_OBJC_ROOT_CLASS = YES_ERROR;
				CLANG_WARN_RANGE_LOOP_ANALYSIS = YES;
				CLANG_WARN_STRICT_PROTOTYPES = YES;
				CLANG_WARN_SUSPICIOUS_MOVE = YES;
				CLANG_WARN_UNGUARDED_AVAILABILITY = YES_AGGRESSIVE;
				CLANG_WARN_UNREACHABLE_CODE = YES;
				CLANG_WARN__DUPLICATE_METHOD_MATCH = YES;
				CODE_SIGN_IDENTITY = "iPhone Developer";
				COPY_PHASE_STRIP = NO;
				DEBUG_INFORMATION_FORMAT = dwarf;
				ENABLE_STRICT_OBJC_MSGSEND = YES;
				ENABLE_TESTABILITY = YES;
				GCC_C_LANGUAGE_STANDARD = gnu11;
				GCC_DYNAMIC_NO_PIC = NO;
				GCC_NO_COMMON_BLOCKS = YES;
				GCC_OPTIMIZATION_LEVEL = 0;
				GCC_PREPROCESSOR_DEFINITIONS = (
					"DEBUG=1",
					"$(inherited)",
				);
				GCC_WARN_64_TO_32_BIT_CONVERSION = YES;
				GCC_WARN_ABOUT_RETURN_TYPE = YES_ERROR;
				GCC_WARN_UNDECLARED_SELECTOR = YES;
				GCC_WARN_UNINITIALIZED_AUTOS = YES_AGGRESSIVE;
				GCC_WARN_UNUSED_FUNCTION = YES;
				GCC_WARN_UNUSED_VARIABLE = YES;
				IPHONEOS_DEPLOYMENT_TARGET = 11.3;
				MTL_ENABLE_DEBUG_INFO = YES;
				ONLY_ACTIVE_ARCH = YES;
				SDKROOT = iphoneos;
				SWIFT_ACTIVE_COMPILATION_CONDITIONS = DEBUG;
				SWIFT_OPTIMIZATION_LEVEL = "-Onone";
			};
			name = Debug;
		};
		E6BDC331217E777B004A4193 /* Release */ = {
			isa = XCBuildConfiguration;
			buildSettings = {
				ALWAYS_SEARCH_USER_PATHS = NO;
				CLANG_ANALYZER_NONNULL = YES;
				CLANG_ANALYZER_NUMBER_OBJECT_CONVERSION = YES_AGGRESSIVE;
				CLANG_CXX_LANGUAGE_STANDARD = "gnu++14";
				CLANG_CXX_LIBRARY = "libc++";
				CLANG_ENABLE_MODULES = YES;
				CLANG_ENABLE_OBJC_ARC = YES;
				CLANG_ENABLE_OBJC_WEAK = YES;
				CLANG_WARN_BLOCK_CAPTURE_AUTORELEASING = YES;
				CLANG_WARN_BOOL_CONVERSION = YES;
				CLANG_WARN_COMMA = YES;
				CLANG_WARN_CONSTANT_CONVERSION = YES;
				CLANG_WARN_DEPRECATED_OBJC_IMPLEMENTATIONS = YES;
				CLANG_WARN_DIRECT_OBJC_ISA_USAGE = YES_ERROR;
				CLANG_WARN_DOCUMENTATION_COMMENTS = YES;
				CLANG_WARN_EMPTY_BODY = YES;
				CLANG_WARN_ENUM_CONVERSION = YES;
				CLANG_WARN_INFINITE_RECURSION = YES;
				CLANG_WARN_INT_CONVERSION = YES;
				CLANG_WARN_NON_LITERAL_NULL_CONVERSION = YES;
				CLANG_WARN_OBJC_IMPLICIT_RETAIN_SELF = YES;
				CLANG_WARN_OBJC_LITERAL_CONVERSION = YES;
				CLANG_WARN_OBJC_ROOT_CLASS = YES_ERROR;
				CLANG_WARN_RANGE_LOOP_ANALYSIS = YES;
				CLANG_WARN_STRICT_PROTOTYPES = YES;
				CLANG_WARN_SUSPICIOUS_MOVE = YES;
				CLANG_WARN_UNGUARDED_AVAILABILITY = YES_AGGRESSIVE;
				CLANG_WARN_UNREACHABLE_CODE = YES;
				CLANG_WARN__DUPLICATE_METHOD_MATCH = YES;
				CODE_SIGN_IDENTITY = "iPhone Developer";
				COPY_PHASE_STRIP = NO;
				DEBUG_INFORMATION_FORMAT = "dwarf-with-dsym";
				ENABLE_NS_ASSERTIONS = NO;
				ENABLE_STRICT_OBJC_MSGSEND = YES;
				GCC_C_LANGUAGE_STANDARD = gnu11;
				GCC_NO_COMMON_BLOCKS = YES;
				GCC_WARN_64_TO_32_BIT_CONVERSION = YES;
				GCC_WARN_ABOUT_RETURN_TYPE = YES_ERROR;
				GCC_WARN_UNDECLARED_SELECTOR = YES;
				GCC_WARN_UNINITIALIZED_AUTOS = YES_AGGRESSIVE;
				GCC_WARN_UNUSED_FUNCTION = YES;
				GCC_WARN_UNUSED_VARIABLE = YES;
				IPHONEOS_DEPLOYMENT_TARGET = 11.3;
				MTL_ENABLE_DEBUG_INFO = NO;
				SDKROOT = iphoneos;
				SWIFT_COMPILATION_MODE = wholemodule;
				SWIFT_OPTIMIZATION_LEVEL = "-O";
				VALIDATE_PRODUCT = YES;
			};
			name = Release;
		};
		E6BDC333217E777B004A4193 /* Debug */ = {
			isa = XCBuildConfiguration;
			buildSettings = {
				ASSETCATALOG_COMPILER_APPICON_NAME = AppIcon;
				CODE_SIGN_STYLE = Automatic;
				DEVELOPMENT_TEAM = 8EBUT9ZMYU;
				INFOPLIST_FILE = AUXboard/Info.plist;
				LD_RUNPATH_SEARCH_PATHS = (
					"$(inherited)",
					"@executable_path/Frameworks",
				);
				PRODUCT_BUNDLE_IDENTIFIER = com.boothApplications.AUXboard;
				PRODUCT_NAME = "$(TARGET_NAME)";
				SWIFT_VERSION = 4.0;
				TARGETED_DEVICE_FAMILY = "1,2";
			};
			name = Debug;
		};
		E6BDC334217E777B004A4193 /* Release */ = {
			isa = XCBuildConfiguration;
			buildSettings = {
				ASSETCATALOG_COMPILER_APPICON_NAME = AppIcon;
				CODE_SIGN_STYLE = Automatic;
				DEVELOPMENT_TEAM = 8EBUT9ZMYU;
				INFOPLIST_FILE = AUXboard/Info.plist;
				LD_RUNPATH_SEARCH_PATHS = (
					"$(inherited)",
					"@executable_path/Frameworks",
				);
				PRODUCT_BUNDLE_IDENTIFIER = com.boothApplications.AUXboard;
				PRODUCT_NAME = "$(TARGET_NAME)";
				SWIFT_VERSION = 4.0;
				TARGETED_DEVICE_FAMILY = "1,2";
			};
			name = Release;
		};
		E6BDC336217E777B004A4193 /* Debug */ = {
			isa = XCBuildConfiguration;
			buildSettings = {
				ALWAYS_EMBED_SWIFT_STANDARD_LIBRARIES = YES;
				BUNDLE_LOADER = "$(TEST_HOST)";
				CODE_SIGN_STYLE = Automatic;
				DEVELOPMENT_TEAM = 8EBUT9ZMYU;
				INFOPLIST_FILE = AUXboardTests/Info.plist;
				LD_RUNPATH_SEARCH_PATHS = (
					"$(inherited)",
					"@executable_path/Frameworks",
					"@loader_path/Frameworks",
				);
				PRODUCT_BUNDLE_IDENTIFIER = com.boothApplications.AUXboardTests;
				PRODUCT_NAME = "$(TARGET_NAME)";
				SWIFT_VERSION = 4.0;
				TARGETED_DEVICE_FAMILY = "1,2";
				TEST_HOST = "$(BUILT_PRODUCTS_DIR)/AUXboard.app/AUXboard";
			};
			name = Debug;
		};
		E6BDC337217E777B004A4193 /* Release */ = {
			isa = XCBuildConfiguration;
			buildSettings = {
				ALWAYS_EMBED_SWIFT_STANDARD_LIBRARIES = YES;
				BUNDLE_LOADER = "$(TEST_HOST)";
				CODE_SIGN_STYLE = Automatic;
				DEVELOPMENT_TEAM = 8EBUT9ZMYU;
				INFOPLIST_FILE = AUXboardTests/Info.plist;
				LD_RUNPATH_SEARCH_PATHS = (
					"$(inherited)",
					"@executable_path/Frameworks",
					"@loader_path/Frameworks",
				);
				PRODUCT_BUNDLE_IDENTIFIER = com.boothApplications.AUXboardTests;
				PRODUCT_NAME = "$(TARGET_NAME)";
				SWIFT_VERSION = 4.0;
				TARGETED_DEVICE_FAMILY = "1,2";
				TEST_HOST = "$(BUILT_PRODUCTS_DIR)/AUXboard.app/AUXboard";
			};
			name = Release;
		};
		E6BDC339217E777B004A4193 /* Debug */ = {
			isa = XCBuildConfiguration;
			buildSettings = {
				ALWAYS_EMBED_SWIFT_STANDARD_LIBRARIES = YES;
				CODE_SIGN_STYLE = Automatic;
				DEVELOPMENT_TEAM = 8EBUT9ZMYU;
				INFOPLIST_FILE = AUXboardUITests/Info.plist;
				LD_RUNPATH_SEARCH_PATHS = (
					"$(inherited)",
					"@executable_path/Frameworks",
					"@loader_path/Frameworks",
				);
				PRODUCT_BUNDLE_IDENTIFIER = com.boothApplications.AUXboardUITests;
				PRODUCT_NAME = "$(TARGET_NAME)";
				SWIFT_VERSION = 4.0;
				TARGETED_DEVICE_FAMILY = "1,2";
				TEST_TARGET_NAME = AUXboard;
			};
			name = Debug;
		};
		E6BDC33A217E777B004A4193 /* Release */ = {
			isa = XCBuildConfiguration;
			buildSettings = {
				ALWAYS_EMBED_SWIFT_STANDARD_LIBRARIES = YES;
				CODE_SIGN_STYLE = Automatic;
				DEVELOPMENT_TEAM = 8EBUT9ZMYU;
				INFOPLIST_FILE = AUXboardUITests/Info.plist;
				LD_RUNPATH_SEARCH_PATHS = (
					"$(inherited)",
					"@executable_path/Frameworks",
					"@loader_path/Frameworks",
				);
				PRODUCT_BUNDLE_IDENTIFIER = com.boothApplications.AUXboardUITests;
				PRODUCT_NAME = "$(TARGET_NAME)";
				SWIFT_VERSION = 4.0;
				TARGETED_DEVICE_FAMILY = "1,2";
				TEST_TARGET_NAME = AUXboard;
			};
			name = Release;
		};
/* End XCBuildConfiguration section */

/* Begin XCConfigurationList section */
		E6BDC302217E7779004A4193 /* Build configuration list for PBXProject "AUXboard" */ = {
			isa = XCConfigurationList;
			buildConfigurations = (
				E6BDC330217E777B004A4193 /* Debug */,
				E6BDC331217E777B004A4193 /* Release */,
			);
			defaultConfigurationIsVisible = 0;
			defaultConfigurationName = Release;
		};
		E6BDC332217E777B004A4193 /* Build configuration list for PBXNativeTarget "AUXboard" */ = {
			isa = XCConfigurationList;
			buildConfigurations = (
				E6BDC333217E777B004A4193 /* Debug */,
				E6BDC334217E777B004A4193 /* Release */,
			);
			defaultConfigurationIsVisible = 0;
			defaultConfigurationName = Release;
		};
		E6BDC335217E777B004A4193 /* Build configuration list for PBXNativeTarget "AUXboardTests" */ = {
			isa = XCConfigurationList;
			buildConfigurations = (
				E6BDC336217E777B004A4193 /* Debug */,
				E6BDC337217E777B004A4193 /* Release */,
			);
			defaultConfigurationIsVisible = 0;
			defaultConfigurationName = Release;
		};
		E6BDC338217E777B004A4193 /* Build configuration list for PBXNativeTarget "AUXboardUITests" */ = {
			isa = XCConfigurationList;
			buildConfigurations = (
				E6BDC339217E777B004A4193 /* Debug */,
				E6BDC33A217E777B004A4193 /* Release */,
			);
			defaultConfigurationIsVisible = 0;
			defaultConfigurationName = Release;
		};
/* End XCConfigurationList section */

/* Begin XCVersionGroup section */
		E6BDC311217E7779004A4193 /* AUXboard.xcdatamodeld */ = {
			isa = XCVersionGroup;
			children = (
				E6BDC312217E7779004A4193 /* AUXboard.xcdatamodel */,
			);
			currentVersion = E6BDC312217E7779004A4193 /* AUXboard.xcdatamodel */;
			path = AUXboard.xcdatamodeld;
			sourceTree = "<group>";
			versionGroupType = wrapper.xcdatamodel;
		};
/* End XCVersionGroup section */
	};
	rootObject = E6BDC2FF217E7779004A4193 /* Project object */;
}
